{
  "requires": true,
  "lockfileVersion": 1,
  "dependencies": {
    "@uppy/aws-s3": {
      "version": "0.30.4",
      "resolved": "https://registry.npmjs.org/@uppy/aws-s3/-/aws-s3-0.30.4.tgz",
      "integrity": "sha512-QY6F2YpOjJ3WNNChuCFp8Zol7/DEe6NCZJsK2bnKIwBhWiOL0CrznhInuQSGP3xxNWadJwOhsjtyqlgXb6Nm0w==",
      "requires": {
        "@uppy/companion-client": "0.28.4",
        "@uppy/utils": "0.30.4",
        "@uppy/xhr-upload": "0.30.4",
        "resolve-url": "^0.2.1"
      }
    },
    "@uppy/aws-s3-multipart": {
      "version": "0.30.4",
      "resolved": "https://registry.npmjs.org/@uppy/aws-s3-multipart/-/aws-s3-multipart-0.30.4.tgz",
      "integrity": "sha512-irkhNBsUzoAI1RiXL/jJsw4RLNLEaSL0eMNs4+gJBK0/jr+ujSfslvrcazo9110O6U/+ltIkIJIfcw2Ndj7UQQ==",
      "requires": {
        "@uppy/companion-client": "0.28.4",
        "@uppy/utils": "0.30.4",
        "resolve-url": "^0.2.1"
      }
    },
    "@uppy/companion-client": {
      "version": "0.28.4",
      "resolved": "https://registry.npmjs.org/@uppy/companion-client/-/companion-client-0.28.4.tgz",
      "integrity": "sha512-Mp6eAQVKLwyoy4AEsfyWEbmH/np7dXklnmR0mcx80g8owM7DC9R6MYa0mPTJhF5nBxfUiCkfYE4b3gJr079t1A==",
      "requires": {
        "namespace-emitter": "^2.0.1"
      }
    },
    "@uppy/core": {
      "version": "0.30.4",
      "resolved": "https://registry.npmjs.org/@uppy/core/-/core-0.30.4.tgz",
      "integrity": "sha512-CAnjjvlytnV2P223wsin49H3DQ2pq7VJKiHVYce0NvrUgu10uCglUHJ4QkTYdrxjsjwp+AdYI4l55PMg+dumDw==",
      "requires": {
        "@uppy/store-default": "0.28.3",
        "@uppy/utils": "0.30.4",
        "cuid": "^2.1.1",
        "lodash.throttle": "^4.1.1",
        "mime-match": "^1.0.2",
        "namespace-emitter": "^2.0.1",
        "preact": "^8.2.9",
        "prettier-bytes": "^1.0.4"
      }
    },
    "@uppy/dashboard": {
      "version": "0.30.4",
      "resolved": "https://registry.npmjs.org/@uppy/dashboard/-/dashboard-0.30.4.tgz",
      "integrity": "sha512-fTcjPBdJJTfonBh2tKwj/opFNuuQfXtLR5N/3sfcmIzLVXFVrowlGUe3JslxjhSHD3wys895oUqrJTELdCLtVA==",
      "requires": {
        "@uppy/informer": "0.30.4",
        "@uppy/provider-views": "0.30.4",
        "@uppy/status-bar": "0.30.4",
        "@uppy/thumbnail-generator": "0.30.4",
        "@uppy/utils": "0.30.4",
        "classnames": "^2.2.6",
        "cuid": "^2.1.1",
        "drag-drop": "2.13.3",
        "lodash.throttle": "^4.1.1",
        "preact": "^8.2.9",
        "preact-css-transition-group": "^1.3.0",
        "prettier-bytes": "^1.0.4",
        "resize-observer-polyfill": "^1.5.0"
      }
    },
    "@uppy/drag-drop": {
      "version": "0.30.4",
      "resolved": "https://registry.npmjs.org/@uppy/drag-drop/-/drag-drop-0.30.4.tgz",
      "integrity": "sha512-DdriGydCRFqM3WDZx4AK/GQK7rOyKo1O7MKmlBTv5POaFEey5zr6424A0cZdXAYXznyveV+DQ1c3gihc5gm/Rg==",
      "requires": {
        "@uppy/utils": "0.30.4",
        "drag-drop": "2.13.3",
        "preact": "^8.2.9"
      }
    },
    "@uppy/dropbox": {
      "version": "0.30.4",
      "resolved": "https://registry.npmjs.org/@uppy/dropbox/-/dropbox-0.30.4.tgz",
      "integrity": "sha512-ckbRS+iH5sMIp4T4D9jD+QyNhsC2GMoQLVhIzhEun+tbLJ6pGfHDXJcVjuO5i6UcD+WTa/gn7qi+9X49Tx6TWA==",
      "requires": {
        "@uppy/companion-client": "0.28.4",
        "@uppy/provider-views": "0.30.4",
        "@uppy/utils": "0.30.4",
        "preact": "^8.2.9"
      }
    },
    "@uppy/file-input": {
      "version": "0.30.4",
      "resolved": "https://registry.npmjs.org/@uppy/file-input/-/file-input-0.30.4.tgz",
      "integrity": "sha512-jQgmby9Jo1X7SsTzNUd7ON1WFUm2wguEuklcNPVjOOBMEevp3Lo81jjwr0XoBLXjRoF3QZKuMuKS96wggZryog==",
      "requires": {
        "@uppy/utils": "0.30.4",
        "preact": "^8.2.9"
      }
    },
    "@uppy/form": {
      "version": "0.30.4",
      "resolved": "https://registry.npmjs.org/@uppy/form/-/form-0.30.4.tgz",
      "integrity": "sha512-jYgT6+YdvUa1a+ggVJDKAQt+vhdqcgr8EKF3kSXXX4zU1HOIUkCM4kS+0YSGs9hmZemMM3UuxMJTHa9vAb22pQ==",
      "requires": {
        "@uppy/utils": "0.30.4",
        "get-form-data": "^2.0.0"
      }
    },
    "@uppy/golden-retriever": {
      "version": "0.30.4",
      "resolved": "https://registry.npmjs.org/@uppy/golden-retriever/-/golden-retriever-0.30.4.tgz",
      "integrity": "sha512-WAR20CkM8G1nA32QNuihxW7dTo7OW2YVVCgEXxavoCPkhU6H1MwhDzqR/k5ObN7Yy0b2dgNJkxi9K+9VRQdhOg==",
      "requires": {
        "@uppy/utils": "0.30.4",
        "prettier-bytes": "^1.0.4"
      }
    },
    "@uppy/google-drive": {
      "version": "0.30.4",
      "resolved": "https://registry.npmjs.org/@uppy/google-drive/-/google-drive-0.30.4.tgz",
      "integrity": "sha512-HkTimgAt36PQxISfaU7I5MPjZworLnXXWUtJUtT+rjbZJnX1reQ0A/NEmIcXuIXKMUrrtziCjeWIR4TgaebVhg==",
      "requires": {
        "@uppy/companion-client": "0.28.4",
        "@uppy/provider-views": "0.30.4",
        "@uppy/utils": "0.30.4",
        "preact": "^8.2.9"
      }
    },
    "@uppy/informer": {
      "version": "0.30.4",
      "resolved": "https://registry.npmjs.org/@uppy/informer/-/informer-0.30.4.tgz",
      "integrity": "sha512-EDrtmVJB1wJcDmITnjg8WWcLHTJaYmY7kw4c8Hp+FS6smyKQl7f85MKnZJVZ8vN9loiKLSBJ7eMbL2C2OIlk2g==",
      "requires": {
        "@uppy/utils": "0.30.4",
        "preact": "^8.2.9"
      }
    },
    "@uppy/instagram": {
      "version": "0.30.4",
      "resolved": "https://registry.npmjs.org/@uppy/instagram/-/instagram-0.30.4.tgz",
      "integrity": "sha512-lFXNPaqCEOeMbm7WHT8B9CHWXxUryvrkgA3ADWLalRZ7T8pn444mPSCes4hpYm8q8B0kpa2ohu0FzoZUWlpq7w==",
      "requires": {
        "@uppy/companion-client": "0.28.4",
        "@uppy/provider-views": "0.30.4",
        "@uppy/utils": "0.30.4",
        "preact": "^8.2.9"
      }
    },
    "@uppy/progress-bar": {
      "version": "0.30.4",
      "resolved": "https://registry.npmjs.org/@uppy/progress-bar/-/progress-bar-0.30.4.tgz",
      "integrity": "sha512-P6QrJ+2kgzBhGl3aOyrf+WUmYhrb1hNbmvKIrVxmx7lrwbcLmzVCUvjfgsus8yhchaYEgIY3sQUQ99x5Z9xphw==",
      "requires": {
        "@uppy/utils": "0.30.4",
        "preact": "^8.2.9"
      }
    },
    "@uppy/provider-views": {
      "version": "0.30.4",
      "resolved": "https://registry.npmjs.org/@uppy/provider-views/-/provider-views-0.30.4.tgz",
      "integrity": "sha512-ZmjeHJpvnBMNyUIMBnzR1r5auddPIbbyfpvc9JYOqsaEQLXbAL3WC0XaFQVLMrMv63jncxqrrHjdqsSbUWuYvA==",
      "requires": {
        "@uppy/utils": "0.30.4",
        "classnames": "^2.2.6",
        "preact": "^8.2.9"
      }
    },
    "@uppy/redux-dev-tools": {
      "version": "0.30.4",
      "resolved": "https://registry.npmjs.org/@uppy/redux-dev-tools/-/redux-dev-tools-0.30.4.tgz",
      "integrity": "sha512-+3qCuaH2gqFv+r03JjPGmpD7GoivYlA1+ZY+Rr/7Syg0ogei6vyCSJwfOgXpmWIBz8YloiWiG5wr+47iF7++CQ=="
    },
    "@uppy/status-bar": {
      "version": "0.30.4",
      "resolved": "https://registry.npmjs.org/@uppy/status-bar/-/status-bar-0.30.4.tgz",
      "integrity": "sha512-V6qd6vBvGn3uLiqWSEFxt+AeJrj2DfZ4Rr05YyF+HosyuEgIsR/qhvVgUJf0J6W8sdBYS+OK5VM+hSIvcYdfCQ==",
      "requires": {
        "@uppy/utils": "0.30.4",
        "classnames": "^2.2.6",
        "lodash.throttle": "^4.1.1",
        "preact": "^8.2.9",
        "prettier-bytes": "^1.0.4"
      }
    },
    "@uppy/store-default": {
      "version": "0.28.3",
      "resolved": "https://registry.npmjs.org/@uppy/store-default/-/store-default-0.28.3.tgz",
      "integrity": "sha512-H3dHvYnna1D3qGMeEW2Mc4BDe2+73IsshqyqyNawZcOG4EF053D5ZeeoB0DQoXaL290vsHMhYilZbp6O0v6Z8g=="
    },
    "@uppy/store-redux": {
      "version": "0.28.3",
      "resolved": "https://registry.npmjs.org/@uppy/store-redux/-/store-redux-0.28.3.tgz",
      "integrity": "sha512-VsEcwHotQF0lsaoQfvn7ErCdxthJfKfQpQNNBIZPoZI2SjC+AGjckEYyvih5U1mB9PT1yjbkTVoiSO/iMubRXA==",
      "requires": {
        "cuid": "^2.1.1"
      }
    },
    "@uppy/thumbnail-generator": {
      "version": "0.30.4",
      "resolved": "https://registry.npmjs.org/@uppy/thumbnail-generator/-/thumbnail-generator-0.30.4.tgz",
      "integrity": "sha512-Eg++nTtlGpiaEM6qNKwbzYv/zS1eUw9m01RubHbnMDL9cabO0QxKlVtuE5KQkKiKx5omja18IzS+c7VQziamHg==",
      "requires": {
        "@uppy/utils": "0.30.4"
      }
    },
    "@uppy/transloadit": {
      "version": "0.30.4",
      "resolved": "https://registry.npmjs.org/@uppy/transloadit/-/transloadit-0.30.4.tgz",
      "integrity": "sha512-A+eW5qaipR42WMsF0Mg9ChcjAXwzPSxLzG2FEl9pEaKvbUARvv/kNKlxD0oIm+09g8IzHPUl1/vOAHHebQX4hQ==",
      "requires": {
        "@uppy/companion-client": "0.28.4",
        "@uppy/provider-views": "0.30.4",
        "@uppy/tus": "0.30.4",
        "@uppy/utils": "0.30.4",
        "component-emitter": "^1.2.1",
        "socket.io-client": "^2.1.1"
      }
    },
    "@uppy/tus": {
      "version": "0.30.4",
      "resolved": "https://registry.npmjs.org/@uppy/tus/-/tus-0.30.4.tgz",
      "integrity": "sha512-MfsGjfQSKMyUdNx5ugUSCxP8yYy6FH1EHgwgtZ03rJr7gCmGdPWNf32iY5DOnZ3pbtMKOsRn7cTvnEV/mZyvAQ==",
      "requires": {
        "@uppy/companion-client": "0.28.4",
        "@uppy/utils": "0.30.4",
        "tus-js-client": "1.6.0"
      },
      "dependencies": {
        "tus-js-client": {
          "version": "1.6.0",
          "resolved": "https://registry.npmjs.org/tus-js-client/-/tus-js-client-1.6.0.tgz",
          "integrity": "sha512-8y3A/pq5SKHZPJPU2LZ0KC+TNaol7TDNplprS5PEsfnjOcqHU2pJ7E6oTEXsA32tZkWHs+4JguAfXZd4XV0Jlg==",
          "requires": {
            "buffer-from": "^0.1.1",
            "extend": "^3.0.0",
            "js-base64": "^2.4.9",
            "lodash.throttle": "^4.1.1",
            "url-parse": "^1.4.3"
          }
        }
      }
    },
    "@uppy/url": {
      "version": "0.30.4",
      "resolved": "https://registry.npmjs.org/@uppy/url/-/url-0.30.4.tgz",
      "integrity": "sha512-e/pAwfXk+vLcmL++x6OXBYuN9jMsUNaxGqgTBx7AIflLyjyN95vG5UjakO+GF0dNbOszdL2XGZVtkEi5Pc0KkQ==",
      "requires": {
        "@uppy/companion-client": "0.28.4",
        "@uppy/utils": "0.30.4",
        "preact": "^8.2.9"
      }
    },
    "@uppy/utils": {
      "version": "0.30.4",
      "resolved": "https://registry.npmjs.org/@uppy/utils/-/utils-0.30.4.tgz",
      "integrity": "sha512-rDoridOYdKjVvJsvxNSKN28pa2hB3jAysghFllXfQxsaRD8w97slPG/bMhZtUoivq9pkGKX8x06YojOR+SFZtA==",
      "requires": {
        "lodash.throttle": "^4.1.1"
      }
    },
    "@uppy/webcam": {
      "version": "0.30.4",
      "resolved": "https://registry.npmjs.org/@uppy/webcam/-/webcam-0.30.4.tgz",
      "integrity": "sha512-HKsvwGaf4M0zCo1uTlBuyOXSYpc7cZwHTl5lws1sw5LZror3x11zOM1J6fjWAUqpPmhxoo+r3gLaCRtlouMC3A==",
      "requires": {
        "@uppy/utils": "0.30.4",
        "preact": "^8.2.9"
      }
    },
    "@uppy/xhr-upload": {
      "version": "0.30.4",
      "resolved": "https://registry.npmjs.org/@uppy/xhr-upload/-/xhr-upload-0.30.4.tgz",
      "integrity": "sha512-oCbppueKp07LjrgS09Ggui10nFwpUpMJjTWP5/tjX1MNQShMIlvs+R1BoH9soNC+fe33L6PfSa5mTlQ5JHQJdg==",
      "requires": {
        "@uppy/companion-client": "0.28.4",
        "@uppy/utils": "0.30.4",
        "cuid": "^2.1.1"
      }
    },
    "after": {
      "version": "0.8.2",
      "resolved": "https://registry.npmjs.org/after/-/after-0.8.2.tgz",
      "integrity": "sha1-/ts5T58OAqqXaOcCvaI7UF+ufh8="
    },
    "ajv": {
      "version": "5.5.2",
      "resolved": "https://registry.npmjs.org/ajv/-/ajv-5.5.2.tgz",
      "integrity": "sha1-c7Xuyj+rZT49P5Qis0GtQiBdyWU=",
      "requires": {
        "co": "^4.6.0",
        "fast-deep-equal": "^1.0.0",
        "fast-json-stable-stringify": "^2.0.0",
        "json-schema-traverse": "^0.3.0"
      }
    },
    "arraybuffer.slice": {
      "version": "0.0.7",
      "resolved": "https://registry.npmjs.org/arraybuffer.slice/-/arraybuffer.slice-0.0.7.tgz",
      "integrity": "sha512-wGUIVQXuehL5TCqQun8OW81jGzAWycqzFF8lFp+GOM5BXLYj3bKNsYC4daB7n6XjCqxQA/qgTJ+8ANR3acjrog=="
    },
    "asn1": {
      "version": "0.2.4",
      "resolved": "https://registry.npmjs.org/asn1/-/asn1-0.2.4.tgz",
      "integrity": "sha512-jxwzQpLQjSmWXgwaCZE9Nz+glAG01yF1QnWgbhGwHI5A6FRIEY6IVqtHhIepHqI7/kyEyQEagBC5mBEFlIYvdg==",
      "requires": {
        "safer-buffer": "~2.1.0"
      }
    },
    "assert-plus": {
      "version": "1.0.0",
      "resolved": "https://registry.npmjs.org/assert-plus/-/assert-plus-1.0.0.tgz",
      "integrity": "sha1-8S4PPF13sLHN2RRpQuTpbB5N1SU="
    },
    "async-limiter": {
      "version": "1.0.0",
      "resolved": "https://registry.npmjs.org/async-limiter/-/async-limiter-1.0.0.tgz",
      "integrity": "sha512-jp/uFnooOiO+L211eZOoSyzpOITMXx1rBITauYykG3BRYPu8h0UcxsPNB04RR5vo4Tyz3+ay17tR6JVf9qzYWg=="
    },
    "asynckit": {
      "version": "0.4.0",
      "resolved": "https://registry.npmjs.org/asynckit/-/asynckit-0.4.0.tgz",
      "integrity": "sha1-x57Zf380y48robyXkLzDZkdLS3k="
    },
    "aws-sign2": {
      "version": "0.7.0",
      "resolved": "https://registry.npmjs.org/aws-sign2/-/aws-sign2-0.7.0.tgz",
      "integrity": "sha1-tG6JCTSpWR8tL2+G1+ap8bP+dqg="
    },
    "aws4": {
      "version": "1.8.0",
      "resolved": "https://registry.npmjs.org/aws4/-/aws4-1.8.0.tgz",
      "integrity": "sha512-ReZxvNHIOv88FlT7rxcXIIC0fPt4KZqZbOlivyWtXLt8ESx84zd3kMC6iK5jVeS2qt+g7ftS7ye4fi06X5rtRQ=="
    },
    "backo2": {
      "version": "1.0.2",
      "resolved": "https://registry.npmjs.org/backo2/-/backo2-1.0.2.tgz",
      "integrity": "sha1-MasayLEpNjRj41s+u2n038+6eUc="
    },
    "base64-arraybuffer": {
      "version": "0.1.5",
      "resolved": "https://registry.npmjs.org/base64-arraybuffer/-/base64-arraybuffer-0.1.5.tgz",
      "integrity": "sha1-c5JncZI7Whl0etZmqlzUv5xunOg="
    },
    "bcrypt-pbkdf": {
      "version": "1.0.2",
      "resolved": "https://registry.npmjs.org/bcrypt-pbkdf/-/bcrypt-pbkdf-1.0.2.tgz",
      "integrity": "sha1-pDAdOJtqQ/m2f/PKEaP2Y342Dp4=",
      "requires": {
        "tweetnacl": "^0.14.3"
      }
    },
    "better-assert": {
      "version": "1.0.2",
      "resolved": "https://registry.npmjs.org/better-assert/-/better-assert-1.0.2.tgz",
      "integrity": "sha1-QIZrnhueC1W0gYlDEeaPr/rrxSI=",
      "requires": {
        "callsite": "1.0.0"
      }
    },
    "blob": {
      "version": "0.0.5",
      "resolved": "https://registry.npmjs.org/blob/-/blob-0.0.5.tgz",
      "integrity": "sha512-gaqbzQPqOoamawKg0LGVd7SzLgXS+JH61oWprSLH+P+abTczqJbhTR8CmJ2u9/bUYNmHTGJx/UEmn6doAvvuig=="
    },
    "blob-to-buffer": {
      "version": "1.2.8",
      "resolved": "https://registry.npmjs.org/blob-to-buffer/-/blob-to-buffer-1.2.8.tgz",
      "integrity": "sha512-re0AIxakF504MgeMtIyJkVcZ8T5aUxtp/QmTMlmjyb3P44E1BEv5x3LATBGApWAJATyXHtkXRD+gWTmeyYLiQA=="
    },
    "boom": {
      "version": "4.3.1",
      "resolved": "https://registry.npmjs.org/boom/-/boom-4.3.1.tgz",
      "integrity": "sha1-T4owBctKfjiJ90kDD9JbluAdLjE=",
      "requires": {
        "hoek": "4.x.x"
      }
    },
    "buffer-from": {
      "version": "0.1.2",
      "resolved": "https://registry.npmjs.org/buffer-from/-/buffer-from-0.1.2.tgz",
      "integrity": "sha512-RiWIenusJsmI2KcvqQABB83tLxCByE3upSP8QU3rJDMVFGPWLvPQJt/O1Su9moRWeH7d+Q2HYb68f6+v+tw2vg=="
    },
    "callsite": {
      "version": "1.0.0",
      "resolved": "https://registry.npmjs.org/callsite/-/callsite-1.0.0.tgz",
      "integrity": "sha1-KAOY5dZkvXQDi28JBRU+borxvCA="
    },
    "caseless": {
      "version": "0.12.0",
      "resolved": "https://registry.npmjs.org/caseless/-/caseless-0.12.0.tgz",
      "integrity": "sha1-G2gcIf+EAzyCZUMJBolCDRhxUdw="
    },
    "classnames": {
      "version": "2.2.6",
      "resolved": "https://registry.npmjs.org/classnames/-/classnames-2.2.6.tgz",
      "integrity": "sha512-JR/iSQOSt+LQIWwrwEzJ9uk0xfN3mTVYMwt1Ir5mUcSN6pU+V4zQFFaJsclJbPuAUQH+yfWef6tm7l1quW3C8Q=="
    },
    "co": {
      "version": "4.6.0",
      "resolved": "https://registry.npmjs.org/co/-/co-4.6.0.tgz",
      "integrity": "sha1-bqa989hTrlTMuOR7+gvz+QMfsYQ="
    },
    "combined-stream": {
      "version": "1.0.7",
      "resolved": "https://registry.npmjs.org/combined-stream/-/combined-stream-1.0.7.tgz",
      "integrity": "sha512-brWl9y6vOB1xYPZcpZde3N9zDByXTosAeMDo4p1wzo6UMOX4vumB+TP1RZ76sfE6Md68Q0NJSrE/gbezd4Ul+w==",
      "requires": {
        "delayed-stream": "~1.0.0"
      }
    },
    "component-bind": {
      "version": "1.0.0",
      "resolved": "https://registry.npmjs.org/component-bind/-/component-bind-1.0.0.tgz",
      "integrity": "sha1-AMYIq33Nk4l8AAllGx06jh5zu9E="
    },
    "component-emitter": {
      "version": "1.2.1",
      "resolved": "https://registry.npmjs.org/component-emitter/-/component-emitter-1.2.1.tgz",
      "integrity": "sha1-E3kY1teCg/ffemt8WmPhQOaUJeY="
    },
    "component-inherit": {
      "version": "0.0.3",
      "resolved": "https://registry.npmjs.org/component-inherit/-/component-inherit-0.0.3.tgz",
      "integrity": "sha1-ZF/ErfWLcrZJ1crmUTVhnbJv8UM="
    },
    "core-util-is": {
      "version": "1.0.2",
      "resolved": "https://registry.npmjs.org/core-util-is/-/core-util-is-1.0.2.tgz",
      "integrity": "sha1-tf1UIgqivFq1eqtxQMlAdUUDwac="
    },
    "cryptiles": {
      "version": "3.1.4",
      "resolved": "https://registry.npmjs.org/cryptiles/-/cryptiles-3.1.4.tgz",
      "integrity": "sha512-8I1sgZHfVwcSOY6mSGpVU3lw/GSIZvusg8dD2+OGehCJpOhQRLNcH0qb9upQnOH4XhgxxFJSg6E2kx95deb1Tw==",
      "requires": {
        "boom": "5.x.x"
      },
      "dependencies": {
        "boom": {
          "version": "5.2.0",
          "resolved": "https://registry.npmjs.org/boom/-/boom-5.2.0.tgz",
          "integrity": "sha512-Z5BTk6ZRe4tXXQlkqftmsAUANpXmuwlsF5Oov8ThoMbQRzdGTA1ngYRW160GexgOgjsFOKJz0LYhoNi+2AMBUw==",
          "requires": {
            "hoek": "4.x.x"
          }
        }
      }
    },
    "cuid": {
      "version": "2.1.6",
      "resolved": "https://registry.npmjs.org/cuid/-/cuid-2.1.6.tgz",
      "integrity": "sha512-ZFp7PS6cSYMJNch9fc3tyHdE4T8TDo3Y5qAxb0KSA9mpiYDo7z9ql1CznFuuzxea9STVIDy0tJWm2lYiX2ZU1Q=="
    },
    "dashdash": {
      "version": "1.14.1",
      "resolved": "https://registry.npmjs.org/dashdash/-/dashdash-1.14.1.tgz",
      "integrity": "sha1-hTz6D3y+L+1d4gMmuN1YEDX24vA=",
      "requires": {
        "assert-plus": "^1.0.0"
      }
    },
    "debug": {
      "version": "3.1.0",
      "resolved": "https://registry.npmjs.org/debug/-/debug-3.1.0.tgz",
      "integrity": "sha512-OX8XqP7/1a9cqkxYw2yXss15f26NKWBpDXQd0/uK/KPqdQhxbPa994hnzjcE2VqQpDslf55723cKPUOGSmMY3g==",
      "requires": {
        "ms": "2.0.0"
      }
    },
    "delayed-stream": {
      "version": "1.0.0",
      "resolved": "https://registry.npmjs.org/delayed-stream/-/delayed-stream-1.0.0.tgz",
      "integrity": "sha1-3zrhmayt+31ECqrgsp4icrJOxhk="
    },
    "drag-drop": {
      "version": "2.13.3",
      "resolved": "https://registry.npmjs.org/drag-drop/-/drag-drop-2.13.3.tgz",
      "integrity": "sha512-g+qp+ssi6+v9Qnyyco0dfyA9sYZYYDddGbc0STdMHc9hfyHeYzqGs4v18jFksgHDtYBWf+ocnUkO6jF7MbFudg==",
      "requires": {
        "blob-to-buffer": "^1.0.2",
        "flatten": "^1.0.2",
        "run-parallel": "^1.0.0"
      }
    },
    "ecc-jsbn": {
      "version": "0.1.2",
      "resolved": "https://registry.npmjs.org/ecc-jsbn/-/ecc-jsbn-0.1.2.tgz",
      "integrity": "sha1-OoOpBOVDUyh4dMVkt1SThoSamMk=",
      "requires": {
        "jsbn": "~0.1.0",
        "safer-buffer": "^2.1.0"
      }
    },
    "engine.io-client": {
      "version": "3.3.2",
      "resolved": "https://registry.npmjs.org/engine.io-client/-/engine.io-client-3.3.2.tgz",
      "integrity": "sha512-y0CPINnhMvPuwtqXfsGuWE8BB66+B6wTtCofQDRecMQPYX3MYUZXFNKDhdrSe3EVjgOu4V3rxdeqN/Tr91IgbQ==",
      "requires": {
        "component-emitter": "1.2.1",
        "component-inherit": "0.0.3",
        "debug": "~3.1.0",
        "engine.io-parser": "~2.1.1",
        "has-cors": "1.1.0",
        "indexof": "0.0.1",
        "parseqs": "0.0.5",
        "parseuri": "0.0.5",
        "ws": "~6.1.0",
        "xmlhttprequest-ssl": "~1.5.4",
        "yeast": "0.1.2"
      }
    },
    "engine.io-parser": {
      "version": "2.1.3",
      "resolved": "https://registry.npmjs.org/engine.io-parser/-/engine.io-parser-2.1.3.tgz",
      "integrity": "sha512-6HXPre2O4Houl7c4g7Ic/XzPnHBvaEmN90vtRO9uLmwtRqQmTOw0QMevL1TOfL2Cpu1VzsaTmMotQgMdkzGkVA==",
      "requires": {
        "after": "0.8.2",
        "arraybuffer.slice": "~0.0.7",
        "base64-arraybuffer": "0.1.5",
        "blob": "0.0.5",
        "has-binary2": "~1.0.2"
      }
    },
    "extend": {
      "version": "3.0.2",
      "resolved": "https://registry.npmjs.org/extend/-/extend-3.0.2.tgz",
      "integrity": "sha512-fjquC59cD7CyW6urNXK0FBufkZcoiGG80wTuPujX590cB5Ttln20E2UB4S/WARVqhXffZl2LNgS+gQdPIIim/g=="
    },
    "extsprintf": {
      "version": "1.3.0",
      "resolved": "https://registry.npmjs.org/extsprintf/-/extsprintf-1.3.0.tgz",
      "integrity": "sha1-lpGEQOMEGnpBT4xS48V06zw+HgU="
    },
    "fast-deep-equal": {
      "version": "1.1.0",
      "resolved": "https://registry.npmjs.org/fast-deep-equal/-/fast-deep-equal-1.1.0.tgz",
      "integrity": "sha1-wFNHeBfIa1HaqFPIHgWbcz0CNhQ="
    },
    "fast-json-stable-stringify": {
      "version": "2.0.0",
      "resolved": "https://registry.npmjs.org/fast-json-stable-stringify/-/fast-json-stable-stringify-2.0.0.tgz",
      "integrity": "sha1-1RQsDK7msRifh9OnYREGT4bIu/I="
    },
    "flatten": {
      "version": "1.0.2",
      "resolved": "https://registry.npmjs.org/flatten/-/flatten-1.0.2.tgz",
      "integrity": "sha1-2uRqnXj74lKSJYzB54CkHZXAN4I="
    },
    "forever-agent": {
      "version": "0.6.1",
      "resolved": "https://registry.npmjs.org/forever-agent/-/forever-agent-0.6.1.tgz",
      "integrity": "sha1-+8cfDEGt6zf5bFd60e1C2P2sypE="
    },
    "form-data": {
      "version": "2.3.3",
      "resolved": "https://registry.npmjs.org/form-data/-/form-data-2.3.3.tgz",
      "integrity": "sha512-1lLKB2Mu3aGP1Q/2eCOx0fNbRMe7XdwktwOruhfqqd0rIJWwN4Dh+E3hrPSlDCXnSR7UtZ1N38rVXm+6+MEhJQ==",
      "requires": {
        "asynckit": "^0.4.0",
        "combined-stream": "^1.0.6",
        "mime-types": "^2.1.12"
      }
    },
    "get-form-data": {
      "version": "2.0.0",
      "resolved": "https://registry.npmjs.org/get-form-data/-/get-form-data-2.0.0.tgz",
      "integrity": "sha512-YUpw0aTWeGliifqMYrTohe/YdqVmKLmaNwuscd2WlRNGfba57JHGuuvvv2c6LiZdFys285POVWANTh6SqcwFag=="
    },
    "getpass": {
      "version": "0.1.7",
      "resolved": "https://registry.npmjs.org/getpass/-/getpass-0.1.7.tgz",
      "integrity": "sha1-Xv+OPmhNVprkyysSgmBOi6YhSfo=",
      "requires": {
        "assert-plus": "^1.0.0"
      }
    },
    "har-schema": {
      "version": "2.0.0",
      "resolved": "https://registry.npmjs.org/har-schema/-/har-schema-2.0.0.tgz",
      "integrity": "sha1-qUwiJOvKwEeCoNkDVSHyRzW37JI="
    },
    "har-validator": {
      "version": "5.0.3",
      "resolved": "https://registry.npmjs.org/har-validator/-/har-validator-5.0.3.tgz",
      "integrity": "sha1-ukAsJmGU8VlW7xXg/PJCmT9qff0=",
      "requires": {
        "ajv": "^5.1.0",
        "har-schema": "^2.0.0"
      }
    },
    "has-binary2": {
      "version": "1.0.3",
      "resolved": "https://registry.npmjs.org/has-binary2/-/has-binary2-1.0.3.tgz",
      "integrity": "sha512-G1LWKhDSvhGeAQ8mPVQlqNcOB2sJdwATtZKl2pDKKHfpf/rYj24lkinxf69blJbnsvtqqNU+L3SL50vzZhXOnw==",
      "requires": {
        "isarray": "2.0.1"
      }
    },
    "has-cors": {
      "version": "1.1.0",
      "resolved": "https://registry.npmjs.org/has-cors/-/has-cors-1.1.0.tgz",
      "integrity": "sha1-XkdHk/fqmEPRu5nCPu9J/xJv/zk="
    },
    "hawk": {
      "version": "6.0.2",
      "resolved": "https://registry.npmjs.org/hawk/-/hawk-6.0.2.tgz",
      "integrity": "sha512-miowhl2+U7Qle4vdLqDdPt9m09K6yZhkLDTWGoUiUzrQCn+mHHSmfJgAyGaLRZbPmTqfFFjRV1QWCW0VWUJBbQ==",
      "requires": {
        "boom": "4.x.x",
        "cryptiles": "3.x.x",
        "hoek": "4.x.x",
        "sntp": "2.x.x"
      }
    },
    "hoek": {
      "version": "4.2.1",
      "resolved": "https://registry.npmjs.org/hoek/-/hoek-4.2.1.tgz",
      "integrity": "sha512-QLg82fGkfnJ/4iy1xZ81/9SIJiq1NGFUMGs6ParyjBZr6jW2Ufj/snDqTHixNlHdPNwN2RLVD0Pi3igeK9+JfA=="
    },
    "http-signature": {
      "version": "1.2.0",
      "resolved": "https://registry.npmjs.org/http-signature/-/http-signature-1.2.0.tgz",
      "integrity": "sha1-muzZJRFHcvPZW2WmCruPfBj7rOE=",
      "requires": {
        "assert-plus": "^1.0.0",
        "jsprim": "^1.2.2",
        "sshpk": "^1.7.0"
      }
    },
    "indexof": {
      "version": "0.0.1",
      "resolved": "https://registry.npmjs.org/indexof/-/indexof-0.0.1.tgz",
      "integrity": "sha1-gtwzbSMrkGIXnQWrMpOmYFn9Q10="
    },
    "is-typedarray": {
      "version": "1.0.0",
      "resolved": "https://registry.npmjs.org/is-typedarray/-/is-typedarray-1.0.0.tgz",
      "integrity": "sha1-5HnICFjfDBsR3dppQPlgEfzaSpo="
    },
    "isarray": {
      "version": "2.0.1",
      "resolved": "https://registry.npmjs.org/isarray/-/isarray-2.0.1.tgz",
      "integrity": "sha1-o32U7ZzaLVmGXJ92/llu4fM4dB4="
    },
    "isstream": {
      "version": "0.1.2",
      "resolved": "https://registry.npmjs.org/isstream/-/isstream-0.1.2.tgz",
      "integrity": "sha1-R+Y/evVa+m+S4VAOaQ64uFKcCZo="
    },
    "js-base64": {
      "version": "2.5.1",
      "resolved": "https://registry.npmjs.org/js-base64/-/js-base64-2.5.1.tgz",
      "integrity": "sha512-M7kLczedRMYX4L8Mdh4MzyAMM9O5osx+4FcOQuTvr3A9F2D9S5JXheN0ewNbrvK2UatkTRhL5ejGmGSjNMiZuw=="
    },
    "jsbn": {
      "version": "0.1.1",
      "resolved": "https://registry.npmjs.org/jsbn/-/jsbn-0.1.1.tgz",
      "integrity": "sha1-peZUwuWi3rXyAdls77yoDA7y9RM="
    },
    "json-schema": {
      "version": "0.2.3",
      "resolved": "https://registry.npmjs.org/json-schema/-/json-schema-0.2.3.tgz",
      "integrity": "sha1-tIDIkuWaLwWVTOcnvT8qTogvnhM="
    },
    "json-schema-traverse": {
      "version": "0.3.1",
      "resolved": "https://registry.npmjs.org/json-schema-traverse/-/json-schema-traverse-0.3.1.tgz",
      "integrity": "sha1-NJptRMU6Ud6JtAgFxdXlm0F9M0A="
    },
    "json-stringify-safe": {
      "version": "5.0.1",
      "resolved": "https://registry.npmjs.org/json-stringify-safe/-/json-stringify-safe-5.0.1.tgz",
      "integrity": "sha1-Epai1Y/UXxmg9s4B1lcB4sc1tus="
    },
    "jsprim": {
      "version": "1.4.1",
      "resolved": "https://registry.npmjs.org/jsprim/-/jsprim-1.4.1.tgz",
      "integrity": "sha1-MT5mvB5cwG5Di8G3SZwuXFastqI=",
      "requires": {
        "assert-plus": "1.0.0",
        "extsprintf": "1.3.0",
        "json-schema": "0.2.3",
        "verror": "1.10.0"
      }
    },
    "lodash.throttle": {
      "version": "4.1.1",
      "resolved": "https://registry.npmjs.org/lodash.throttle/-/lodash.throttle-4.1.1.tgz",
      "integrity": "sha1-wj6RtxAkKscMN/HhzaknTMOb8vQ="
    },
    "mime-db": {
      "version": "1.38.0",
      "resolved": "https://registry.npmjs.org/mime-db/-/mime-db-1.38.0.tgz",
      "integrity": "sha512-bqVioMFFzc2awcdJZIzR3HjZFX20QhilVS7hytkKrv7xFAn8bM1gzc/FOX2awLISvWe0PV8ptFKcon+wZ5qYkg=="
    },
    "mime-match": {
      "version": "1.0.2",
      "resolved": "https://registry.npmjs.org/mime-match/-/mime-match-1.0.2.tgz",
      "integrity": "sha1-P4fDHprxpf1IX7nbE0Qosju7e6g=",
      "requires": {
        "wildcard": "^1.1.0"
      }
    },
    "mime-types": {
      "version": "2.1.22",
      "resolved": "https://registry.npmjs.org/mime-types/-/mime-types-2.1.22.tgz",
      "integrity": "sha512-aGl6TZGnhm/li6F7yx82bJiBZwgiEa4Hf6CNr8YO+r5UHr53tSTYZb102zyU50DOWWKeOv0uQLRL0/9EiKWCog==",
      "requires": {
        "mime-db": "~1.38.0"
      }
    },
    "ms": {
      "version": "2.0.0",
      "resolved": "https://registry.npmjs.org/ms/-/ms-2.0.0.tgz",
      "integrity": "sha1-VgiurfwAvmwpAd9fmGF4jeDVl8g="
    },
    "namespace-emitter": {
      "version": "2.0.1",
      "resolved": "https://registry.npmjs.org/namespace-emitter/-/namespace-emitter-2.0.1.tgz",
      "integrity": "sha512-N/sMKHniSDJBjfrkbS/tpkPj4RAbvW3mr8UAzvlMHyun93XEm83IAvhWtJVHo+RHn/oO8Job5YN4b+wRjSVp5g=="
    },
    "oauth-sign": {
      "version": "0.8.2",
      "resolved": "https://registry.npmjs.org/oauth-sign/-/oauth-sign-0.8.2.tgz",
      "integrity": "sha1-Rqarfwrq2N6unsBWV4C31O/rnUM="
    },
    "object-component": {
      "version": "0.0.3",
      "resolved": "https://registry.npmjs.org/object-component/-/object-component-0.0.3.tgz",
      "integrity": "sha1-8MaapQ78lbhmwYb0AKM3acsvEpE="
    },
    "parseqs": {
      "version": "0.0.5",
      "resolved": "https://registry.npmjs.org/parseqs/-/parseqs-0.0.5.tgz",
      "integrity": "sha1-1SCKNzjkZ2bikbouoXNoSSGouJ0=",
      "requires": {
        "better-assert": "~1.0.0"
      }
    },
    "parseuri": {
      "version": "0.0.5",
      "resolved": "https://registry.npmjs.org/parseuri/-/parseuri-0.0.5.tgz",
      "integrity": "sha1-gCBKUNTbt3m/3G6+J3jZDkvOMgo=",
      "requires": {
        "better-assert": "~1.0.0"
      }
    },
    "performance-now": {
      "version": "2.1.0",
      "resolved": "https://registry.npmjs.org/performance-now/-/performance-now-2.1.0.tgz",
      "integrity": "sha1-Ywn04OX6kT7BxpMHrjZLSzd8nns="
    },
    "preact": {
      "version": "8.4.2",
      "resolved": "https://registry.npmjs.org/preact/-/preact-8.4.2.tgz",
      "integrity": "sha512-TsINETWiisfB6RTk0wh3/mvxbGRvx+ljeBccZ4Z6MPFKgu/KFGyf2Bmw3Z/jlXhL5JlNKY6QAbA9PVyzIy9//A=="
    },
    "preact-css-transition-group": {
      "version": "1.3.0",
      "resolved": "https://registry.npmjs.org/preact-css-transition-group/-/preact-css-transition-group-1.3.0.tgz",
      "integrity": "sha1-Bv5Giyb3gC6VuCmnYtsLwZmu85k="
    },
    "prettier-bytes": {
      "version": "1.0.4",
      "resolved": "https://registry.npmjs.org/prettier-bytes/-/prettier-bytes-1.0.4.tgz",
      "integrity": "sha1-mUsCqkb2mcULYle1+qp/4lV+YtY="
    },
    "punycode": {
      "version": "1.4.1",
      "resolved": "https://registry.npmjs.org/punycode/-/punycode-1.4.1.tgz",
      "integrity": "sha1-wNWmOycYgArY4esPpSachN1BhF4="
    },
    "qs": {
      "version": "6.5.2",
      "resolved": "https://registry.npmjs.org/qs/-/qs-6.5.2.tgz",
      "integrity": "sha512-N5ZAX4/LxJmF+7wN74pUD6qAh9/wnvdQcjq9TZjevvXzSUo7bfmw91saqMjzGS2xq91/odN2dW/WOl7qQHNDGA=="
    },
    "querystringify": {
      "version": "2.1.1",
      "resolved": "https://registry.npmjs.org/querystringify/-/querystringify-2.1.1.tgz",
      "integrity": "sha512-w7fLxIRCRT7U8Qu53jQnJyPkYZIaR4n5151KMfcJlO/A9397Wxb1amJvROTK6TOnp7PfoAmg/qXiNHI+08jRfA=="
    },
    "request": {
      "version": "2.86.0",
      "resolved": "https://registry.npmjs.org/request/-/request-2.86.0.tgz",
      "integrity": "sha512-BQZih67o9r+Ys94tcIW4S7Uu8pthjrQVxhsZ/weOwHbDfACxvIyvnAbzFQxjy1jMtvFSzv5zf4my6cZsJBbVzw==",
      "requires": {
        "aws-sign2": "~0.7.0",
        "aws4": "^1.6.0",
        "caseless": "~0.12.0",
        "combined-stream": "~1.0.5",
        "extend": "~3.0.1",
        "forever-agent": "~0.6.1",
        "form-data": "~2.3.1",
        "har-validator": "~5.0.3",
        "hawk": "~6.0.2",
        "http-signature": "~1.2.0",
        "is-typedarray": "~1.0.0",
        "isstream": "~0.1.2",
        "json-stringify-safe": "~5.0.1",
        "mime-types": "~2.1.17",
        "oauth-sign": "~0.8.2",
        "performance-now": "^2.1.0",
        "qs": "~6.5.1",
        "safe-buffer": "^5.1.1",
        "tough-cookie": "~2.3.3",
        "tunnel-agent": "^0.6.0",
        "uuid": "^3.1.0"
      }
    },
    "requires-port": {
      "version": "1.0.0",
      "resolved": "https://registry.npmjs.org/requires-port/-/requires-port-1.0.0.tgz",
      "integrity": "sha1-kl0mAdOaxIXgkc8NpcbmlNw9yv8="
    },
    "resize-observer-polyfill": {
      "version": "1.5.1",
      "resolved": "https://registry.npmjs.org/resize-observer-polyfill/-/resize-observer-polyfill-1.5.1.tgz",
      "integrity": "sha512-LwZrotdHOo12nQuZlHEmtuXdqGoOD0OhaxopaNFxWzInpEgaLWoVuAMbTzixuosCx2nEG58ngzW3vxdWoxIgdg=="
    },
    "resolve-url": {
      "version": "0.2.1",
      "resolved": "https://registry.npmjs.org/resolve-url/-/resolve-url-0.2.1.tgz",
      "integrity": "sha1-LGN/53yJOv0qZj/iGqkIAGjiBSo="
    },
    "retry": {
      "version": "0.9.0",
      "resolved": "https://registry.npmjs.org/retry/-/retry-0.9.0.tgz",
      "integrity": "sha1-b2l+UKDk3cjI9/tUeptg3q1DZ40="
    },
    "run-parallel": {
      "version": "1.1.9",
      "resolved": "https://registry.npmjs.org/run-parallel/-/run-parallel-1.1.9.tgz",
      "integrity": "sha512-DEqnSRTDw/Tc3FXf49zedI638Z9onwUotBMiUFKmrO2sdFKIbXamXGQ3Axd4qgphxKB4kw/qP1w5kTxnfU1B9Q=="
    },
    "safe-buffer": {
      "version": "5.1.2",
      "resolved": "https://registry.npmjs.org/safe-buffer/-/safe-buffer-5.1.2.tgz",
      "integrity": "sha512-Gd2UZBJDkXlY7GbJxfsE8/nvKkUEU1G38c1siN6QP6a9PT9MmHB8GnpscSmMJSoF8LOIrt8ud/wPtojys4G6+g=="
    },
    "safer-buffer": {
      "version": "2.1.2",
      "resolved": "https://registry.npmjs.org/safer-buffer/-/safer-buffer-2.1.2.tgz",
      "integrity": "sha512-YZo3K82SD7Riyi0E1EQPojLz7kpepnSQI9IyPbHHg1XXXevb5dJI7tpyN2ADxGcQbHG7vcyRHk0cbwqcQriUtg=="
    },
    "sntp": {
      "version": "2.1.0",
      "resolved": "https://registry.npmjs.org/sntp/-/sntp-2.1.0.tgz",
      "integrity": "sha512-FL1b58BDrqS3A11lJ0zEdnJ3UOKqVxawAkF3k7F0CVN7VQ34aZrV+G8BZ1WC9ZL7NyrwsW0oviwsWDgRuVYtJg==",
      "requires": {
        "hoek": "4.x.x"
      }
    },
    "socket.io-client": {
      "version": "2.2.0",
      "resolved": "https://registry.npmjs.org/socket.io-client/-/socket.io-client-2.2.0.tgz",
      "integrity": "sha512-56ZrkTDbdTLmBIyfFYesgOxsjcLnwAKoN4CiPyTVkMQj3zTUh0QAx3GbvIvLpFEOvQWu92yyWICxB0u7wkVbYA==",
      "requires": {
        "backo2": "1.0.2",
        "base64-arraybuffer": "0.1.5",
        "component-bind": "1.0.0",
        "component-emitter": "1.2.1",
        "debug": "~3.1.0",
        "engine.io-client": "~3.3.1",
        "has-binary2": "~1.0.2",
        "has-cors": "1.1.0",
        "indexof": "0.0.1",
        "object-component": "0.0.3",
        "parseqs": "0.0.5",
        "parseuri": "0.0.5",
        "socket.io-parser": "~3.3.0",
        "to-array": "0.1.4"
      }
    },
    "socket.io-parser": {
      "version": "3.3.0",
      "resolved": "https://registry.npmjs.org/socket.io-parser/-/socket.io-parser-3.3.0.tgz",
      "integrity": "sha512-hczmV6bDgdaEbVqhAeVMM/jfUfzuEZHsQg6eOmLgJht6G3mPKMxYm75w2+qhAQZ+4X+1+ATZ+QFKeOZD5riHng==",
      "requires": {
        "component-emitter": "1.2.1",
        "debug": "~3.1.0",
        "isarray": "2.0.1"
      }
    },
    "sshpk": {
      "version": "1.16.1",
      "resolved": "https://registry.npmjs.org/sshpk/-/sshpk-1.16.1.tgz",
      "integrity": "sha512-HXXqVUq7+pcKeLqqZj6mHFUMvXtOJt1uoUx09pFW6011inTMxqI8BA8PM95myrIyyKwdnzjdFjLiE6KBPVtJIg==",
      "requires": {
        "asn1": "~0.2.3",
        "assert-plus": "^1.0.0",
        "bcrypt-pbkdf": "^1.0.0",
        "dashdash": "^1.12.0",
        "ecc-jsbn": "~0.1.1",
        "getpass": "^0.1.1",
        "jsbn": "~0.1.0",
        "safer-buffer": "^2.0.2",
        "tweetnacl": "~0.14.0"
      }
    },
    "to-array": {
      "version": "0.1.4",
      "resolved": "https://registry.npmjs.org/to-array/-/to-array-0.1.4.tgz",
      "integrity": "sha1-F+bBH3PdTz10zaek/zI46a2b+JA="
    },
    "tough-cookie": {
      "version": "2.3.4",
      "resolved": "https://registry.npmjs.org/tough-cookie/-/tough-cookie-2.3.4.tgz",
      "integrity": "sha512-TZ6TTfI5NtZnuyy/Kecv+CnoROnyXn2DN97LontgQpCwsX2XyLYCC0ENhYkehSOwAp8rTQKc/NUIF7BkQ5rKLA==",
      "requires": {
        "punycode": "^1.4.1"
      }
    },
    "transloadit": {
      "version": "2.0.8",
      "resolved": "https://registry.npmjs.org/transloadit/-/transloadit-2.0.8.tgz",
      "integrity": "sha512-Ny36SH/6OaWm8+uqxwvTlkViSGsnInbi296vMYDD3JWCnN6Yx/7q34uM3Q4x3nCMqf8Helqk45AyGK+SXJXgKg==",
      "requires": {
        "request": "2.86.0",
        "retry": "0.9.0",
        "tus-js-client": "1.5.1",
        "underscore": "1.8.3"
      }
    },
    "tunnel-agent": {
      "version": "0.6.0",
      "resolved": "https://registry.npmjs.org/tunnel-agent/-/tunnel-agent-0.6.0.tgz",
      "integrity": "sha1-J6XeoGs2sEoKmWZ3SykIaPD8QP0=",
      "requires": {
        "safe-buffer": "^5.0.1"
      }
    },
    "tus-js-client": {
      "version": "1.5.1",
      "resolved": "https://registry.npmjs.org/tus-js-client/-/tus-js-client-1.5.1.tgz",
      "integrity": "sha512-qBSNXpc6ZPe6stn4NSkQ1dnVhVblPAtQo6037g5Qr5zr9gGX1gr+8e0+HtQMBp22Ouo6LYesWMdKbcOR5sRj5A==",
      "requires": {
        "buffer-from": "^0.1.1",
        "extend": "^3.0.0",
        "lodash.throttle": "^4.1.1",
        "resolve-url": "^0.2.1"
      }
    },
    "tweetnacl": {
      "version": "0.14.5",
      "resolved": "https://registry.npmjs.org/tweetnacl/-/tweetnacl-0.14.5.tgz",
      "integrity": "sha1-WuaBd/GS1EViadEIr6k/+HQ/T2Q="
    },
    "underscore": {
      "version": "1.8.3",
      "resolved": "https://registry.npmjs.org/underscore/-/underscore-1.8.3.tgz",
      "integrity": "sha1-Tz+1OxBuYJf8+ctBCfKl6b36UCI="
    },
    "uppy": {
      "version": "0.30.4",
      "resolved": "https://registry.npmjs.org/uppy/-/uppy-0.30.4.tgz",
      "integrity": "sha512-IC6zub3SbdBix/cv1rPRtIPOYWZOzH1Zh1orOFGCPDmJnR78t/Um+V2QNfSK33je+X1+YNhA8YADUQg0Pg77Jw==",
      "requires": {
        "@uppy/aws-s3": "0.30.4",
        "@uppy/aws-s3-multipart": "0.30.4",
        "@uppy/companion-client": "0.28.4",
        "@uppy/core": "0.30.4",
        "@uppy/dashboard": "0.30.4",
        "@uppy/drag-drop": "0.30.4",
        "@uppy/dropbox": "0.30.4",
        "@uppy/file-input": "0.30.4",
        "@uppy/form": "0.30.4",
        "@uppy/golden-retriever": "0.30.4",
        "@uppy/google-drive": "0.30.4",
        "@uppy/informer": "0.30.4",
        "@uppy/instagram": "0.30.4",
        "@uppy/progress-bar": "0.30.4",
        "@uppy/provider-views": "0.30.4",
        "@uppy/redux-dev-tools": "0.30.4",
        "@uppy/status-bar": "0.30.4",
        "@uppy/store-default": "0.28.3",
        "@uppy/store-redux": "0.28.3",
        "@uppy/thumbnail-generator": "0.30.4",
        "@uppy/transloadit": "0.30.4",
        "@uppy/tus": "0.30.4",
        "@uppy/url": "0.30.4",
        "@uppy/webcam": "0.30.4",
        "@uppy/xhr-upload": "0.30.4"
      }
    },
    "url-parse": {
      "version": "1.4.5",
      "resolved": "https://registry.npmjs.org/url-parse/-/url-parse-1.4.5.tgz",
      "integrity": "sha512-4XDvC5vZRjEpjP0L4znrWeoH8P8F0XGBlfLdABi/6oV4o8xUVbTpyrxWHxkK2bT0pSIpcjdIzSoWUhlUfawCAQ==",
      "requires": {
        "querystringify": "^2.0.0",
        "requires-port": "^1.0.0"
      }
    },
    "uuid": {
      "version": "3.3.2",
      "resolved": "https://registry.npmjs.org/uuid/-/uuid-3.3.2.tgz",
      "integrity": "sha512-yXJmeNaw3DnnKAOKJE51sL/ZaYfWJRl1pK9dr19YFCu0ObS231AB1/LbqTKRAQ5kw8A90rA6fr4riOUpTZvQZA=="
    },
    "verror": {
      "version": "1.10.0",
      "resolved": "https://registry.npmjs.org/verror/-/verror-1.10.0.tgz",
      "integrity": "sha1-OhBcoXBTr1XW4nDB+CiGguGNpAA=",
      "requires": {
        "assert-plus": "^1.0.0",
        "core-util-is": "1.0.2",
        "extsprintf": "^1.2.0"
      }
    },
    "wildcard": {
      "version": "1.1.2",
      "resolved": "https://registry.npmjs.org/wildcard/-/wildcard-1.1.2.tgz",
      "integrity": "sha1-pwIEUwhNjNLv5wup02liY94XEKU="
    },
    "ws": {
      "version": "6.1.4",
      "resolved": "https://registry.npmjs.org/ws/-/ws-6.1.4.tgz",
      "integrity": "sha512-eqZfL+NE/YQc1/ZynhojeV8q+H050oR8AZ2uIev7RU10svA9ZnJUddHcOUZTJLinZ9yEfdA2kSATS2qZK5fhJA==",
      "requires": {
        "async-limiter": "~1.0.0"
      }
    },
    "xmlhttprequest-ssl": {
      "version": "1.5.5",
      "resolved": "https://registry.npmjs.org/xmlhttprequest-ssl/-/xmlhttprequest-ssl-1.5.5.tgz",
      "integrity": "sha1-wodrBhaKrcQOV9l+gRkayPQ5iz4="
    },
    "yeast": {
      "version": "0.1.2",
      "resolved": "https://registry.npmjs.org/yeast/-/yeast-0.1.2.tgz",
      "integrity": "sha1-AI4G2AlDIMNy28L47XagymyKxBk="
    }
  }
}
